
Microsoft Visual Studio Solution File, Format Version 12.00
# Visual Studio Version 16
VisualStudioVersion = 16.0.28803.202
MinimumVisualStudioVersion = 10.0.40219.1
Project("{FAE04EC0-301F-11D3-BF4B-00C04F79EFBC}") = "BINGO", "BINGO.csproj", "{F054AD8F-1C38-48CE-A431-C684DADFF010}"
EndProject
Global
	GlobalSection(SolutionConfigurationPlatforms) = preSolution
		Debug|Any CPU = Debug|Any CPU
		Release|Any CPU = Release|Any CPU
	EndGlobalSection
	GlobalSection(ProjectConfigurationPlatforms) = postSolution
		{F054AD8F-1C38-48CE-A431-C684DADFF010}.Debug|Any CPU.ActiveCfg = Debug|Any CPU
		{F054AD8F-1C38-48CE-A431-C684DADFF010}.Debug|Any CPU.Build.0 = Debug|Any CPU
		{F054AD8F-1C38-48CE-A431-C684DADFF010}.Release|Any CPU.ActiveCfg = Release|Any CPU
		{F054AD8F-1C38-48CE-A431-C684DADFF010}.Release|Any CPU.Build.0 = Release|Any CPU
	EndGlobalSection
	GlobalSection(SolutionProperties) = preSolution
		HideSolutionNode = FALSE
	EndGlobalSection
	GlobalSection(ExtensibilityGlobals) = postSolution
		SolutionGuid = {5FD8A9D4-BAE9-4591-85B2-7F8A1083E257}
	EndGlobalSection
EndGlobal
